
Microsoft Visual Studio Solution File, Format Version 12.00
# Visual Studio 15
VisualStudioVersion = 15.0.27703.2042
MinimumVisualStudioVersion = 10.0.40219.1
Project("{FAE04EC0-301F-11D3-BF4B-00C04F79EFBC}") = "StudentsInfoArray", "StudentsInfoArray\StudentsInfoArray.csproj", "{C1F2F3E8-D429-4E0D-8531-7CE12E07D814}"
EndProject
Global
	GlobalSection(SolutionConfigurationPlatforms) = preSolution
		Debug|Any CPU = Debug|Any CPU
		Release|Any CPU = Release|Any CPU
	EndGlobalSection
	GlobalSection(ProjectConfigurationPlatforms) = postSolution
		{C1F2F3E8-D429-4E0D-8531-7CE12E07D814}.Debug|Any CPU.ActiveCfg = Debug|Any CPU
		{C1F2F3E8-D429-4E0D-8531-7CE12E07D814}.Debug|Any CPU.Build.0 = Debug|Any CPU
		{C1F2F3E8-D429-4E0D-8531-7CE12E07D814}.Release|Any CPU.ActiveCfg = Release|Any CPU
		{C1F2F3E8-D429-4E0D-8531-7CE12E07D814}.Release|Any CPU.Build.0 = Release|Any CPU
	EndGlobalSection
	GlobalSection(SolutionProperties) = preSolution
		HideSolutionNode = FALSE
	EndGlobalSection
	GlobalSection(ExtensibilityGlobals) = postSolution
		SolutionGuid = {8E9B400F-3731-4410-8113-C8415F01BF01}
	EndGlobalSection
EndGlobal
